
Microsoft Visual Studio Solution File, Format Version 12.00
# Visual Studio Version 16
VisualStudioVersion = 16.0.30204.135
MinimumVisualStudioVersion = 10.0.40219.1
Project("{8BC9CEB8-8B4A-11D0-8D11-00A0C91BC942}") = "10F_Schőn_2021_HashHalmaz", "10F_Schőn_2021_HashHalmaz\10F_Schőn_2021_HashHalmaz.vcxproj", "{044EB581-188F-4025-B2E6-F9976691D3A2}"
EndProject
Global
	GlobalSection(SolutionConfigurationPlatforms) = preSolution
		Debug|x64 = Debug|x64
		Debug|x86 = Debug|x86
		Release|x64 = Release|x64
		Release|x86 = Release|x86
	EndGlobalSection
	GlobalSection(ProjectConfigurationPlatforms) = postSolution
		{044EB581-188F-4025-B2E6-F9976691D3A2}.Debug|x64.ActiveCfg = Debug|x64
		{044EB581-188F-4025-B2E6-F9976691D3A2}.Debug|x64.Build.0 = Debug|x64
		{044EB581-188F-4025-B2E6-F9976691D3A2}.Debug|x86.ActiveCfg = Debug|Win32
		{044EB581-188F-4025-B2E6-F9976691D3A2}.Debug|x86.Build.0 = Debug|Win32
		{044EB581-188F-4025-B2E6-F9976691D3A2}.Release|x64.ActiveCfg = Release|x64
		{044EB581-188F-4025-B2E6-F9976691D3A2}.Release|x64.Build.0 = Release|x64
		{044EB581-188F-4025-B2E6-F9976691D3A2}.Release|x86.ActiveCfg = Release|Win32
		{044EB581-188F-4025-B2E6-F9976691D3A2}.Release|x86.Build.0 = Release|Win32
	EndGlobalSection
	GlobalSection(SolutionProperties) = preSolution
		HideSolutionNode = FALSE
	EndGlobalSection
	GlobalSection(ExtensibilityGlobals) = postSolution
		SolutionGuid = {A6520F4B-47BB-476A-8633-4770F4ED74C5}
	EndGlobalSection
EndGlobal
